# @generated by Move, please check-in and do not edit manually.

[move]
version = 2
manifest_digest = "A3058D28C9D4AC1EA53290BD7669CC092B1695F8A0FD3727EB1626AD4D1026C2"
deps_digest = "F8BBB0CCB2491CA29A3DF03D6F92277A4F3574266507ACD77214D37ECA3F3082"
dependencies = [
  { name = "Sui" },
]

[[move.package]]
name = "MoveStdlib"
source = { git = "https://github.com/MystenLabs/sui.git", rev = "framework/testnet", subdir = "crates/sui-framework/packages/move-stdlib" }

[[move.package]]
name = "Sui"
source = { git = "https://github.com/MystenLabs/sui.git", rev = "framework/testnet", subdir = "crates/sui-framework/packages/sui-framework" }

dependencies = [
  { name = "MoveStdlib" },
]

[move.toolchain-version]
compiler-version = "1.23.0"
edition = "2024.beta"
flavor = "sui"

[env]

[env.iota]
chain-id = "98f21087"
original-published-id = "0x445d60e6080aa82ce84e431111cff6c9bebc3709ed61c190b50e32c12d139ce1"
latest-published-id = "0x445d60e6080aa82ce84e431111cff6c9bebc3709ed61c190b50e32c12d139ce1"
published-version = "1"
